
Microsoft Visual Studio Solution File, Format Version 12.00
# Visual Studio Version 16
VisualStudioVersion = 16.0.29509.3
MinimumVisualStudioVersion = 10.0.40219.1
Project("{FAE04EC0-301F-11D3-BF4B-00C04F79EFBC}") = "MyFirstPointlessGame", "MyFirstPointlessGame\MyFirstPointlessGame.csproj", "{6565D1D8-C954-4310-9D11-9259C9B6B828}"
EndProject
Global
	GlobalSection(SolutionConfigurationPlatforms) = preSolution
		Debug|Any CPU = Debug|Any CPU
		Release|Any CPU = Release|Any CPU
	EndGlobalSection
	GlobalSection(ProjectConfigurationPlatforms) = postSolution
		{6565D1D8-C954-4310-9D11-9259C9B6B828}.Debug|Any CPU.ActiveCfg = Debug|Any CPU
		{6565D1D8-C954-4310-9D11-9259C9B6B828}.Debug|Any CPU.Build.0 = Debug|Any CPU
		{6565D1D8-C954-4310-9D11-9259C9B6B828}.Release|Any CPU.ActiveCfg = Release|Any CPU
		{6565D1D8-C954-4310-9D11-9259C9B6B828}.Release|Any CPU.Build.0 = Release|Any CPU
	EndGlobalSection
	GlobalSection(SolutionProperties) = preSolution
		HideSolutionNode = FALSE
	EndGlobalSection
	GlobalSection(ExtensibilityGlobals) = postSolution
		SolutionGuid = {E650A89A-3746-40C6-A214-DADDB55619F8}
	EndGlobalSection
EndGlobal
